
Microsoft Visual Studio Solution File, Format Version 12.00
# Visual Studio 15
VisualStudioVersion = 15.0.28307.1082
MinimumVisualStudioVersion = 10.0.40219.1
Project("{FAE04EC0-301F-11D3-BF4B-00C04F79EFBC}") = "AppLockDemo", "AppLockDemo\AppLockDemo.csproj", "{4FD7E814-C62B-4B23-91F0-3EB0C055D6FB}"
EndProject
Global
	GlobalSection(SolutionConfigurationPlatforms) = preSolution
		Debug|Any CPU = Debug|Any CPU
		Release|Any CPU = Release|Any CPU
	EndGlobalSection
	GlobalSection(ProjectConfigurationPlatforms) = postSolution
		{4FD7E814-C62B-4B23-91F0-3EB0C055D6FB}.Debug|Any CPU.ActiveCfg = Debug|Any CPU
		{4FD7E814-C62B-4B23-91F0-3EB0C055D6FB}.Debug|Any CPU.Build.0 = Debug|Any CPU
		{4FD7E814-C62B-4B23-91F0-3EB0C055D6FB}.Release|Any CPU.ActiveCfg = Release|Any CPU
		{4FD7E814-C62B-4B23-91F0-3EB0C055D6FB}.Release|Any CPU.Build.0 = Release|Any CPU
	EndGlobalSection
	GlobalSection(SolutionProperties) = preSolution
		HideSolutionNode = FALSE
	EndGlobalSection
	GlobalSection(ExtensibilityGlobals) = postSolution
		SolutionGuid = {D748A372-FE8F-4E3F-8640-72EA54CD1A8D}
	EndGlobalSection
EndGlobal
